// !$*UTF8*$!
{
	archiveVersion = 1;
	classes = {
	};
	objectVersion = 52;
	objects = {

/* Begin PBXBuildFile section */
		80A9BF9D25782E5E004B7854 /* AppDelegate.swift in Sources */ = {isa = PBXBuildFile; fileRef = 80E5A8BE25782ACE00223A32 /* AppDelegate.swift */; };
		80E8E95425782995003D2FDF /* RxSwift in Frameworks */ = {isa = PBXBuildFile; productRef = 80E8E95325782995003D2FDF /* RxSwift */; };
		80E8E958257829EF003D2FDF /* Moya in Frameworks */ = {isa = PBXBuildFile; productRef = 80E8E957257829EF003D2FDF /* Moya */; };
		80E8E95A257829EF003D2FDF /* ReactiveMoya in Frameworks */ = {isa = PBXBuildFile; productRef = 80E8E959257829EF003D2FDF /* ReactiveMoya */; };
		80E8E95C257829EF003D2FDF /* RxMoya in Frameworks */ = {isa = PBXBuildFile; productRef = 80E8E95B257829EF003D2FDF /* RxMoya */; };
/* End PBXBuildFile section */

/* Begin PBXFileReference section */
		8052D9512578223000BA387F /* Emoji.app */ = {isa = PBXFileReference; explicitFileType = wrapper.application; includeInIndex = 0; path = Emoji.app; sourceTree = BUILT_PRODUCTS_DIR; };
		80E5A8BB25782ACE00223A32 /* Assets.xcassets */ = {isa = PBXFileReference; lastKnownFileType = folder.assetcatalog; path = Assets.xcassets; sourceTree = "<group>"; };
		80E5A8BE25782ACE00223A32 /* AppDelegate.swift */ = {isa = PBXFileReference; fileEncoding = 4; lastKnownFileType = sourcecode.swift; path = AppDelegate.swift; sourceTree = "<group>"; };
		80E5A8BF25782ACE00223A32 /* Info.plist */ = {isa = PBXFileReference; fileEncoding = 4; lastKnownFileType = text.plist.xml; path = Info.plist; sourceTree = "<group>"; };
/* End PBXFileReference section */

/* Begin PBXFrameworksBuildPhase section */
		8052D94E2578223000BA387F /* Frameworks */ = {
			isa = PBXFrameworksBuildPhase;
			buildActionMask = 2147483647;
			files = (
				80E8E958257829EF003D2FDF /* Moya in Frameworks */,
				80E8E95425782995003D2FDF /* RxSwift in Frameworks */,
				80E8E95C257829EF003D2FDF /* RxMoya in Frameworks */,
				80E8E95A257829EF003D2FDF /* ReactiveMoya in Frameworks */,
			);
			runOnlyForDeploymentPostprocessing = 0;
		};
/* End PBXFrameworksBuildPhase section */

/* Begin PBXGroup section */
		8052D9482578223000BA387F = {
			isa = PBXGroup;
			children = (
				80E5A8BA25782ACE00223A32 /* Emoji */,
				8052D9522578223000BA387F /* Products */,
			);
			sourceTree = "<group>";
		};
		8052D9522578223000BA387F /* Products */ = {
			isa = PBXGroup;
			children = (
				8052D9512578223000BA387F /* Emoji.app */,
			);
			name = Products;
			sourceTree = "<group>";
		};
		80A9BFA725782FCC004B7854 /* MainScreen */ = {
			isa = PBXGroup;
			children = (
			);
			path = MainScreen;
			sourceTree = "<group>";
		};
		80E5A8BA25782ACE00223A32 /* Emoji */ = {
			isa = PBXGroup;
			children = (
				80A9BFA725782FCC004B7854 /* MainScreen */,
				80E5A8BB25782ACE00223A32 /* Assets.xcassets */,
				80E5A8BE25782ACE00223A32 /* AppDelegate.swift */,
				80E5A8BF25782ACE00223A32 /* Info.plist */,
			);
			path = Emoji;
			sourceTree = "<group>";
		};
/* End PBXGroup section */

/* Begin PBXNativeTarget section */
		8052D9502578223000BA387F /* Emoji */ = {
			isa = PBXNativeTarget;
			buildConfigurationList = 8052D9652578223100BA387F /* Build configuration list for PBXNativeTarget "Emoji" */;
			buildPhases = (
				8052D94D2578223000BA387F /* Sources */,
				8052D94E2578223000BA387F /* Frameworks */,
				8052D94F2578223000BA387F /* Resources */,
			);
			buildRules = (
			);
			dependencies = (
			);
			name = Emoji;
			packageProductDependencies = (
				80E8E95325782995003D2FDF /* RxSwift */,
				80E8E957257829EF003D2FDF /* Moya */,
				80E8E959257829EF003D2FDF /* ReactiveMoya */,
				80E8E95B257829EF003D2FDF /* RxMoya */,
			);
			productName = Emojy;
			productReference = 8052D9512578223000BA387F /* Emoji.app */;
			productType = "com.apple.product-type.application";
		};
/* End PBXNativeTarget section */

/* Begin PBXProject section */
		8052D9492578223000BA387F /* Project object */ = {
			isa = PBXProject;
			attributes = {
				LastSwiftUpdateCheck = 1200;
				LastUpgradeCheck = 1200;
				TargetAttributes = {
					8052D9502578223000BA387F = {
						CreatedOnToolsVersion = 12.0;
					};
				};
			};
			buildConfigurationList = 8052D94C2578223000BA387F /* Build configuration list for PBXProject "Emoji" */;
			compatibilityVersion = "Xcode 9.3";
			developmentRegion = en;
			hasScannedForEncodings = 0;
			knownRegions = (
				en,
				Base,
			);
			mainGroup = 8052D9482578223000BA387F;
			packageReferences = (
				80E8E95225782995003D2FDF /* XCRemoteSwiftPackageReference "RxSwift" */,
				80E8E956257829EF003D2FDF /* XCRemoteSwiftPackageReference "Moya" */,
			);
			productRefGroup = 8052D9522578223000BA387F /* Products */;
			projectDirPath = "";
			projectRoot = "";
			targets = (
				8052D9502578223000BA387F /* Emoji */,
			);
		};
/* End PBXProject section */

/* Begin PBXResourcesBuildPhase section */
		8052D94F2578223000BA387F /* Resources */ = {
			isa = PBXResourcesBuildPhase;
			buildActionMask = 2147483647;
			files = (
			);
			runOnlyForDeploymentPostprocessing = 0;
		};
/* End PBXResourcesBuildPhase section */

/* Begin PBXSourcesBuildPhase section */
		8052D94D2578223000BA387F /* Sources */ = {
			isa = PBXSourcesBuildPhase;
			buildActionMask = 2147483647;
			files = (
				80A9BF9D25782E5E004B7854 /* AppDelegate.swift in Sources */,
			);
			runOnlyForDeploymentPostprocessing = 0;
		};
/* End PBXSourcesBuildPhase section */

/* Begin XCBuildConfiguration section */
		8052D9632578223100BA387F /* Debug */ = {
			isa = XCBuildConfiguration;
			buildSettings = {
				ALWAYS_SEARCH_USER_PATHS = NO;
				CLANG_ANALYZER_NONNULL = YES;
				CLANG_ANALYZER_NUMBER_OBJECT_CONVERSION = YES_AGGRESSIVE;
				CLANG_CXX_LANGUAGE_STANDARD = "gnu++14";
				CLANG_CXX_LIBRARY = "libc++";
				CLANG_ENABLE_MODULES = YES;
				CLANG_ENABLE_OBJC_ARC = YES;
				CLANG_ENABLE_OBJC_WEAK = YES;
				CLANG_WARN_BLOCK_CAPTURE_AUTORELEASING = YES;
				CLANG_WARN_BOOL_CONVERSION = YES;
				CLANG_WARN_COMMA = YES;
				CLANG_WARN_CONSTANT_CONVERSION = YES;
				CLANG_WARN_DEPRECATED_OBJC_IMPLEMENTATIONS = YES;
				CLANG_WARN_DIRECT_OBJC_ISA_USAGE = YES_ERROR;
				CLANG_WARN_DOCUMENTATION_COMMENTS = YES;
				CLANG_WARN_EMPTY_BODY = YES;
				CLANG_WARN_ENUM_CONVERSION = YES;
				CLANG_WARN_INFINITE_RECURSION = YES;
				CLANG_WARN_INT_CONVERSION = YES;
				CLANG_WARN_NON_LITERAL_NULL_CONVERSION = YES;
				CLANG_WARN_OBJC_IMPLICIT_RETAIN_SELF = YES;
				CLANG_WARN_OBJC_LITERAL_CONVERSION = YES;
				CLANG_WARN_OBJC_ROOT_CLASS = YES_ERROR;
				CLANG_WARN_QUOTED_INCLUDE_IN_FRAMEWORK_HEADER = YES;
				CLANG_WARN_RANGE_LOOP_ANALYSIS = YES;
				CLANG_WARN_STRICT_PROTOTYPES = YES;
				CLANG_WARN_SUSPICIOUS_MOVE = YES;
				CLANG_WARN_UNGUARDED_AVAILABILITY = YES_AGGRESSIVE;
				CLANG_WARN_UNREACHABLE_CODE = YES;
				CLANG_WARN__DUPLICATE_METHOD_MATCH = YES;
				COPY_PHASE_STRIP = NO;
				DEBUG_INFORMATION_FORMAT = dwarf;
				ENABLE_STRICT_OBJC_MSGSEND = YES;
				ENABLE_TESTABILITY = YES;
				GCC_C_LANGUAGE_STANDARD = gnu11;
				GCC_DYNAMIC_NO_PIC = NO;
				GCC_NO_COMMON_BLOCKS = YES;
				GCC_OPTIMIZATION_LEVEL = 0;
				GCC_PREPROCESSOR_DEFINITIONS = (
					"DEBUG=1",
					"$(inherited)",
				);
				GCC_WARN_64_TO_32_BIT_CONVERSION = YES;
				GCC_WARN_ABOUT_RETURN_TYPE = YES_ERROR;
				GCC_WARN_UNDECLARED_SELECTOR = YES;
				GCC_WARN_UNINITIALIZED_AUTOS = YES_AGGRESSIVE;
				GCC_WARN_UNUSED_FUNCTION = YES;
				GCC_WARN_UNUSED_VARIABLE = YES;
				IPHONEOS_DEPLOYMENT_TARGET = 12.0;
				MTL_ENABLE_DEBUG_INFO = INCLUDE_SOURCE;
				MTL_FAST_MATH = YES;
				ONLY_ACTIVE_ARCH = YES;
				SDKROOT = iphoneos;
				SWIFT_ACTIVE_COMPILATION_CONDITIONS = DEBUG;
				SWIFT_OPTIMIZATION_LEVEL = "-Onone";
			};
			name = Debug;
		};
		8052D9642578223100BA387F /* Release */ = {
			isa = XCBuildConfiguration;
			buildSettings = {
				ALWAYS_SEARCH_USER_PATHS = NO;
				CLANG_ANALYZER_NONNULL = YES;
				CLANG_ANALYZER_NUMBER_OBJECT_CONVERSION = YES_AGGRESSIVE;
				CLANG_CXX_LANGUAGE_STANDARD = "gnu++14";
				CLANG_CXX_LIBRARY = "libc++";
				CLANG_ENABLE_MODULES = YES;
				CLANG_ENABLE_OBJC_ARC = YES;
				CLANG_ENABLE_OBJC_WEAK = YES;
				CLANG_WARN_BLOCK_CAPTURE_AUTORELEASING = YES;
				CLANG_WARN_BOOL_CONVERSION = YES;
				CLANG_WARN_COMMA = YES;
				CLANG_WARN_CONSTANT_CONVERSION = YES;
				CLANG_WARN_DEPRECATED_OBJC_IMPLEMENTATIONS = YES;
				CLANG_WARN_DIRECT_OBJC_ISA_USAGE = YES_ERROR;
				CLANG_WARN_DOCUMENTATION_COMMENTS = YES;
				CLANG_WARN_EMPTY_BODY = YES;
				CLANG_WARN_ENUM_CONVERSION = YES;
				CLANG_WARN_INFINITE_RECURSION = YES;
				CLANG_WARN_INT_CONVERSION = YES;
				CLANG_WARN_NON_LITERAL_NULL_CONVERSION = YES;
				CLANG_WARN_OBJC_IMPLICIT_RETAIN_SELF = YES;
				CLANG_WARN_OBJC_LITERAL_CONVERSION = YES;
				CLANG_WARN_OBJC_ROOT_CLASS = YES_ERROR;
				CLANG_WARN_QUOTED_INCLUDE_IN_FRAMEWORK_HEADER = YES;
				CLANG_WARN_RANGE_LOOP_ANALYSIS = YES;
				CLANG_WARN_STRICT_PROTOTYPES = YES;
				CLANG_WARN_SUSPICIOUS_MOVE = YES;
				CLANG_WARN_UNGUARDED_AVAILABILITY = YES_AGGRESSIVE;
				CLANG_WARN_UNREACHABLE_CODE = YES;
				CLANG_WARN__DUPLICATE_METHOD_MATCH = YES;
				COPY_PHASE_STRIP = NO;
				DEBUG_INFORMATION_FORMAT = "dwarf-with-dsym";
				ENABLE_NS_ASSERTIONS = NO;
				ENABLE_STRICT_OBJC_MSGSEND = YES;
				GCC_C_LANGUAGE_STANDARD = gnu11;
				GCC_NO_COMMON_BLOCKS = YES;
				GCC_WARN_64_TO_32_BIT_CONVERSION = YES;
				GCC_WARN_ABOUT_RETURN_TYPE = YES_ERROR;
				GCC_WARN_UNDECLARED_SELECTOR = YES;
				GCC_WARN_UNINITIALIZED_AUTOS = YES_AGGRESSIVE;
				GCC_WARN_UNUSED_FUNCTION = YES;
				GCC_WARN_UNUSED_VARIABLE = YES;
				IPHONEOS_DEPLOYMENT_TARGET = 12.0;
				MTL_ENABLE_DEBUG_INFO = NO;
				MTL_FAST_MATH = YES;
				SDKROOT = iphoneos;
				SWIFT_COMPILATION_MODE = wholemodule;
				SWIFT_OPTIMIZATION_LEVEL = "-O";
				VALIDATE_PRODUCT = YES;
			};
			name = Release;
		};
		8052D9662578223100BA387F /* Debug */ = {
			isa = XCBuildConfiguration;
			buildSettings = {
				ASSETCATALOG_COMPILER_APPICON_NAME = AppIcon;
				ASSETCATALOG_COMPILER_GLOBAL_ACCENT_COLOR_NAME = AccentColor;
				CODE_SIGN_STYLE = Automatic;
				DEVELOPMENT_TEAM = 634C6P2UP3;
				INFOPLIST_FILE = "$(SRCROOT)/Emoji/Info.plist";
				LD_RUNPATH_SEARCH_PATHS = (
					"$(inherited)",
					"@executable_path/Frameworks",
				);
				PRODUCT_BUNDLE_IDENTIFIER = lmbcosta.com.emojy.Emojy;
				PRODUCT_NAME = "$(TARGET_NAME)";
				SWIFT_VERSION = 5.0;
				TARGETED_DEVICE_FAMILY = 1;
			};
			name = Debug;
		};
		8052D9672578223100BA387F /* Release */ = {
			isa = XCBuildConfiguration;
			buildSettings = {
				ASSETCATALOG_COMPILER_APPICON_NAME = AppIcon;
				ASSETCATALOG_COMPILER_GLOBAL_ACCENT_COLOR_NAME = AccentColor;
				CODE_SIGN_STYLE = Automatic;
				DEVELOPMENT_TEAM = 634C6P2UP3;
				INFOPLIST_FILE = "$(SRCROOT)/Emoji/Info.plist";
				LD_RUNPATH_SEARCH_PATHS = (
					"$(inherited)",
					"@executable_path/Frameworks",
				);
				PRODUCT_BUNDLE_IDENTIFIER = lmbcosta.com.emojy.Emojy;
				PRODUCT_NAME = "$(TARGET_NAME)";
				SWIFT_VERSION = 5.0;
				TARGETED_DEVICE_FAMILY = 1;
			};
			name = Release;
		};
/* End XCBuildConfiguration section */

/* Begin XCConfigurationList section */
		8052D94C2578223000BA387F /* Build configuration list for PBXProject "Emoji" */ = {
			isa = XCConfigurationList;
			buildConfigurations = (
				8052D9632578223100BA387F /* Debug */,
				8052D9642578223100BA387F /* Release */,
			);
			defaultConfigurationIsVisible = 0;
			defaultConfigurationName = Release;
		};
		8052D9652578223100BA387F /* Build configuration list for PBXNativeTarget "Emoji" */ = {
			isa = XCConfigurationList;
			buildConfigurations = (
				8052D9662578223100BA387F /* Debug */,
				8052D9672578223100BA387F /* Release */,
			);
			defaultConfigurationIsVisible = 0;
			defaultConfigurationName = Release;
		};
/* End XCConfigurationList section */

/* Begin XCRemoteSwiftPackageReference section */
		80E8E95225782995003D2FDF /* XCRemoteSwiftPackageReference "RxSwift" */ = {
			isa = XCRemoteSwiftPackageReference;
			repositoryURL = "https://github.com/ReactiveX/RxSwift";
			requirement = {
				kind = upToNextMajorVersion;
				minimumVersion = 5.1.1;
			};
		};
		80E8E956257829EF003D2FDF /* XCRemoteSwiftPackageReference "Moya" */ = {
			isa = XCRemoteSwiftPackageReference;
			repositoryURL = "https://github.com/Moya/Moya";
			requirement = {
				kind = upToNextMajorVersion;
				minimumVersion = 14.0.0;
			};
		};
/* End XCRemoteSwiftPackageReference section */

/* Begin XCSwiftPackageProductDependency section */
		80E8E95325782995003D2FDF /* RxSwift */ = {
			isa = XCSwiftPackageProductDependency;
			package = 80E8E95225782995003D2FDF /* XCRemoteSwiftPackageReference "RxSwift" */;
			productName = RxSwift;
		};
		80E8E957257829EF003D2FDF /* Moya */ = {
			isa = XCSwiftPackageProductDependency;
			package = 80E8E956257829EF003D2FDF /* XCRemoteSwiftPackageReference "Moya" */;
			productName = Moya;
		};
		80E8E959257829EF003D2FDF /* ReactiveMoya */ = {
			isa = XCSwiftPackageProductDependency;
			package = 80E8E956257829EF003D2FDF /* XCRemoteSwiftPackageReference "Moya" */;
			productName = ReactiveMoya;
		};
		80E8E95B257829EF003D2FDF /* RxMoya */ = {
			isa = XCSwiftPackageProductDependency;
			package = 80E8E956257829EF003D2FDF /* XCRemoteSwiftPackageReference "Moya" */;
			productName = RxMoya;
		};
/* End XCSwiftPackageProductDependency section */
	};
	rootObject = 8052D9492578223000BA387F /* Project object */;
}
